
Microsoft Visual Studio Solution File, Format Version 12.00
Project("{FAE04EC0-301F-11D3-BF4B-00C04F79EFBC}") = "NftUnity", "NftUnity\NftUnity.csproj", "{8C92ED74-7A7C-46D0-93D7-E5329E34C730}"
EndProject
Project("{FAE04EC0-301F-11D3-BF4B-00C04F79EFBC}") = "Polkadot", "..\polkadot_api_dotnet\Polkadot\Polkadot.csproj", "{1C25B35B-FDA4-42D1-8F7B-12F0B9BFE4E1}"
EndProject
Project("{FAE04EC0-301F-11D3-BF4B-00C04F79EFBC}") = "Schnorrkel", "..\polkadot_api_dotnet\Schnorrkel\Schnorrkel.csproj", "{C6CE0C4E-A478-4CC4-8A99-A9699566AD6E}"
EndProject
Project("{FAE04EC0-301F-11D3-BF4B-00C04F79EFBC}") = "NftUnity.Test", "NftUnity.Test\NftUnity.Test.csproj", "{A0AAA56D-A0D3-4292-8D93-E6916BCB7707}"
EndProject
Global
	GlobalSection(SolutionConfigurationPlatforms) = preSolution
		Debug|Any CPU = Debug|Any CPU
		Release|Any CPU = Release|Any CPU
	EndGlobalSection
	GlobalSection(ProjectConfigurationPlatforms) = postSolution
		{8C92ED74-7A7C-46D0-93D7-E5329E34C730}.Debug|Any CPU.ActiveCfg = Debug|Any CPU
		{8C92ED74-7A7C-46D0-93D7-E5329E34C730}.Debug|Any CPU.Build.0 = Debug|Any CPU
		{8C92ED74-7A7C-46D0-93D7-E5329E34C730}.Release|Any CPU.ActiveCfg = Release|Any CPU
		{8C92ED74-7A7C-46D0-93D7-E5329E34C730}.Release|Any CPU.Build.0 = Release|Any CPU
		{1C25B35B-FDA4-42D1-8F7B-12F0B9BFE4E1}.Debug|Any CPU.ActiveCfg = Debug|Any CPU
		{1C25B35B-FDA4-42D1-8F7B-12F0B9BFE4E1}.Debug|Any CPU.Build.0 = Debug|Any CPU
		{1C25B35B-FDA4-42D1-8F7B-12F0B9BFE4E1}.Release|Any CPU.ActiveCfg = Release|Any CPU
		{1C25B35B-FDA4-42D1-8F7B-12F0B9BFE4E1}.Release|Any CPU.Build.0 = Release|Any CPU
		{C6CE0C4E-A478-4CC4-8A99-A9699566AD6E}.Debug|Any CPU.ActiveCfg = Debug|Any CPU
		{C6CE0C4E-A478-4CC4-8A99-A9699566AD6E}.Debug|Any CPU.Build.0 = Debug|Any CPU
		{C6CE0C4E-A478-4CC4-8A99-A9699566AD6E}.Release|Any CPU.ActiveCfg = Release|Any CPU
		{C6CE0C4E-A478-4CC4-8A99-A9699566AD6E}.Release|Any CPU.Build.0 = Release|Any CPU
		{A0AAA56D-A0D3-4292-8D93-E6916BCB7707}.Debug|Any CPU.ActiveCfg = Debug|Any CPU
		{A0AAA56D-A0D3-4292-8D93-E6916BCB7707}.Debug|Any CPU.Build.0 = Debug|Any CPU
		{A0AAA56D-A0D3-4292-8D93-E6916BCB7707}.Release|Any CPU.ActiveCfg = Release|Any CPU
		{A0AAA56D-A0D3-4292-8D93-E6916BCB7707}.Release|Any CPU.Build.0 = Release|Any CPU
	EndGlobalSection
EndGlobal
